github.com/Archedeous/greetings v0.0.0-20250108090411-ddcdbabfbc2a h1:eA4O8FEJcDH1MWukJvyX5pUNAK+fYZR5RKi7bnMSyvA=
github.com/Archedeous/greetings v0.0.0-20250108090411-ddcdbabfbc2a/go.mod h1:nJphqctK/p0PI7XDeMdg9KoxGea3dIojinuh4b/NJcg=
github.com/Archedeous/greetings v0.0.0-20250111082651-5d33eee3c791 h1:UAItGJOSZikd5oyh23mvYxZbCZZY+HnMVmzfLZoNs74=
github.com/Archedeous/greetings v0.0.0-20250111082651-5d33eee3c791/go.mod h1:nJphqctK/p0PI7XDeMdg9KoxGea3dIojinuh4b/NJcg=
