github.com/Archedeous/greetings v0.0.0-20250108085239-3ad2af080d8a h1:prDQzHuQrfmFdFe0ZKLS243cVQdvubskp5aRGN2VrpU=
github.com/Archedeous/greetings v0.0.0-20250108085239-3ad2af080d8a/go.mod h1:nJphqctK/p0PI7XDeMdg9KoxGea3dIojinuh4b/NJcg=
github.com/Archedeous/greetings v0.0.0-20250108090411-ddcdbabfbc2a h1:eA4O8FEJcDH1MWukJvyX5pUNAK+fYZR5RKi7bnMSyvA=
github.com/Archedeous/greetings v0.0.0-20250108090411-ddcdbabfbc2a/go.mod h1:nJphqctK/p0PI7XDeMdg9KoxGea3dIojinuh4b/NJcg=
